
Microsoft Visual Studio Solution File, Format Version 12.00
# Visual Studio Version 17
VisualStudioVersion = 17.0.31919.166
MinimumVisualStudioVersion = 10.0.40219.1
Project("{9A19103F-16F7-4668-BE54-9A1E7A4F7556}") = "CustomizationPackageTools", "CustomizationPackageTools\CustomizationPackageTools.csproj", "{0B17383C-912A-4DA9-9DE0-E40D87FF43DE}"
EndProject
Project("{FAE04EC0-301F-11D3-BF4B-00C04F79EFBC}") = "AcumaticaExtensionLib", "AcumaticaExtensionLib\AcumaticaExtensionLib.csproj", "{A776FB1E-4088-40D9-8B39-91D425E0B2D1}"
EndProject
Project("{9A19103F-16F7-4668-BE54-9A1E7A4F7556}") = "UITestProject", "UITestProject\UITestProject.csproj", "{F3F52971-C8B3-4570-8583-657BA3E6ED76}"
EndProject
Project("{FAE04EC0-301F-11D3-BF4B-00C04F79EFBC}") = "UnitTestProject", "UnitTestProject\UnitTestProject.csproj", "{2350AFBD-827A-4B20-8EF9-A57FF9A77503}"
EndProject
Global
	GlobalSection(SolutionConfigurationPlatforms) = preSolution
		Debug|Any CPU = Debug|Any CPU
		Release|Any CPU = Release|Any CPU
	EndGlobalSection
	GlobalSection(ProjectConfigurationPlatforms) = postSolution
		{0B17383C-912A-4DA9-9DE0-E40D87FF43DE}.Debug|Any CPU.ActiveCfg = Debug|Any CPU
		{0B17383C-912A-4DA9-9DE0-E40D87FF43DE}.Debug|Any CPU.Build.0 = Debug|Any CPU
		{0B17383C-912A-4DA9-9DE0-E40D87FF43DE}.Release|Any CPU.ActiveCfg = Release|Any CPU
		{0B17383C-912A-4DA9-9DE0-E40D87FF43DE}.Release|Any CPU.Build.0 = Release|Any CPU
		{A776FB1E-4088-40D9-8B39-91D425E0B2D1}.Debug|Any CPU.ActiveCfg = Debug|Any CPU
		{A776FB1E-4088-40D9-8B39-91D425E0B2D1}.Debug|Any CPU.Build.0 = Debug|Any CPU
		{A776FB1E-4088-40D9-8B39-91D425E0B2D1}.Release|Any CPU.ActiveCfg = Release|Any CPU
		{A776FB1E-4088-40D9-8B39-91D425E0B2D1}.Release|Any CPU.Build.0 = Release|Any CPU
		{F3F52971-C8B3-4570-8583-657BA3E6ED76}.Debug|Any CPU.ActiveCfg = Debug|Any CPU
		{F3F52971-C8B3-4570-8583-657BA3E6ED76}.Debug|Any CPU.Build.0 = Debug|Any CPU
		{F3F52971-C8B3-4570-8583-657BA3E6ED76}.Release|Any CPU.ActiveCfg = Release|Any CPU
		{F3F52971-C8B3-4570-8583-657BA3E6ED76}.Release|Any CPU.Build.0 = Release|Any CPU
		{2350AFBD-827A-4B20-8EF9-A57FF9A77503}.Debug|Any CPU.ActiveCfg = Debug|Any CPU
		{2350AFBD-827A-4B20-8EF9-A57FF9A77503}.Debug|Any CPU.Build.0 = Debug|Any CPU
		{2350AFBD-827A-4B20-8EF9-A57FF9A77503}.Release|Any CPU.ActiveCfg = Release|Any CPU
		{2350AFBD-827A-4B20-8EF9-A57FF9A77503}.Release|Any CPU.Build.0 = Release|Any CPU
	EndGlobalSection
	GlobalSection(SolutionProperties) = preSolution
		HideSolutionNode = FALSE
	EndGlobalSection
	GlobalSection(ExtensibilityGlobals) = postSolution
		SolutionGuid = {4E163F10-5D2E-4226-86AF-26AE7CDD88F5}
	EndGlobalSection
EndGlobal
